
Microsoft Visual Studio Solution File, Format Version 12.00
# Visual Studio Version 16
VisualStudioVersion = 16.0.29409.12
MinimumVisualStudioVersion = 10.0.40219.1
Project("{2150E333-8FDC-42A3-9474-1A3956D46DE8}") = "Solution Items", "Solution Items", "{1C285657-5BD7-4E8D-8E9F-49C24601AB82}"
	ProjectSection(SolutionItems) = preProject
		.editorconfig = .editorconfig
		..\.gitattributes = ..\.gitattributes
		..\.gitignore = ..\.gitignore
		..\.github\workflows\deploy-next.yml = ..\.github\workflows\deploy-next.yml
		..\.github\workflows\dotnetcore.yml = ..\.github\workflows\dotnetcore.yml
		..\README.md = ..\README.md
		test.json = test.json
	EndProjectSection
EndProject
Project("{9A19103F-16F7-4668-BE54-9A1E7A4F7556}") = "WilderBlog", "WilderBlog\WilderBlog.csproj", "{4FB63E39-5177-4332-ACD6-4F0FDBA65D73}"
EndProject
Project("{9A19103F-16F7-4668-BE54-9A1E7A4F7556}") = "WilderBlog.Data", "WilderBlog.Data\WilderBlog.Data.csproj", "{C2D0E523-A7EF-4A0B-BD39-3D2A340A59F3}"
EndProject
Project("{9A19103F-16F7-4668-BE54-9A1E7A4F7556}") = "WilderBlog.Tests", "WilderBlog.Tests\WilderBlog.Tests.csproj", "{23F9F1AC-5DC2-4B2A-8F71-43AF8DAE6EC8}"
EndProject
Global
	GlobalSection(SolutionConfigurationPlatforms) = preSolution
		Debug|Any CPU = Debug|Any CPU
		Release|Any CPU = Release|Any CPU
	EndGlobalSection
	GlobalSection(ProjectConfigurationPlatforms) = postSolution
		{4FB63E39-5177-4332-ACD6-4F0FDBA65D73}.Debug|Any CPU.ActiveCfg = Debug|Any CPU
		{4FB63E39-5177-4332-ACD6-4F0FDBA65D73}.Debug|Any CPU.Build.0 = Debug|Any CPU
		{4FB63E39-5177-4332-ACD6-4F0FDBA65D73}.Release|Any CPU.ActiveCfg = Release|Any CPU
		{4FB63E39-5177-4332-ACD6-4F0FDBA65D73}.Release|Any CPU.Build.0 = Release|Any CPU
		{C2D0E523-A7EF-4A0B-BD39-3D2A340A59F3}.Debug|Any CPU.ActiveCfg = Debug|Any CPU
		{C2D0E523-A7EF-4A0B-BD39-3D2A340A59F3}.Debug|Any CPU.Build.0 = Debug|Any CPU
		{C2D0E523-A7EF-4A0B-BD39-3D2A340A59F3}.Release|Any CPU.ActiveCfg = Release|Any CPU
		{C2D0E523-A7EF-4A0B-BD39-3D2A340A59F3}.Release|Any CPU.Build.0 = Release|Any CPU
		{23F9F1AC-5DC2-4B2A-8F71-43AF8DAE6EC8}.Debug|Any CPU.ActiveCfg = Debug|Any CPU
		{23F9F1AC-5DC2-4B2A-8F71-43AF8DAE6EC8}.Debug|Any CPU.Build.0 = Debug|Any CPU
		{23F9F1AC-5DC2-4B2A-8F71-43AF8DAE6EC8}.Release|Any CPU.ActiveCfg = Release|Any CPU
		{23F9F1AC-5DC2-4B2A-8F71-43AF8DAE6EC8}.Release|Any CPU.Build.0 = Release|Any CPU
	EndGlobalSection
	GlobalSection(SolutionProperties) = preSolution
		HideSolutionNode = FALSE
	EndGlobalSection
	GlobalSection(ExtensibilityGlobals) = postSolution
		LessCompiler = 4fb63e39-5177-4332-acd6-4f0fdba65d73
		SolutionGuid = {0B4B2DB9-DAA9-4DB9-BA7E-C5A7EA92C28B}
	EndGlobalSection
EndGlobal
